
Microsoft Visual Studio Solution File, Format Version 12.00
Project("{FAE04EC0-301F-11D3-BF4B-00C04F79EFBC}") = "BuilderPattern", "BuilderPattern\BuilderPattern.csproj", "{305BB156-9B83-47E2-AC2F-7FFD5F5F32BE}"
EndProject
Global
	GlobalSection(SolutionConfigurationPlatforms) = preSolution
		Debug|Any CPU = Debug|Any CPU
		Release|Any CPU = Release|Any CPU
	EndGlobalSection
	GlobalSection(ProjectConfigurationPlatforms) = postSolution
		{305BB156-9B83-47E2-AC2F-7FFD5F5F32BE}.Debug|Any CPU.ActiveCfg = Debug|Any CPU
		{305BB156-9B83-47E2-AC2F-7FFD5F5F32BE}.Debug|Any CPU.Build.0 = Debug|Any CPU
		{305BB156-9B83-47E2-AC2F-7FFD5F5F32BE}.Release|Any CPU.ActiveCfg = Release|Any CPU
		{305BB156-9B83-47E2-AC2F-7FFD5F5F32BE}.Release|Any CPU.Build.0 = Release|Any CPU
	EndGlobalSection
EndGlobal
