
Microsoft Visual Studio Solution File, Format Version 12.00
Project("{FAE04EC0-301F-11D3-BF4B-00C04F79EFBC}") = "ObserverPattern", "ObserverPattern\ObserverPattern.csproj", "{A40BFEA2-A846-43C5-AD85-B46C04AFE695}"
EndProject
Global
	GlobalSection(SolutionConfigurationPlatforms) = preSolution
		Debug|Any CPU = Debug|Any CPU
		Release|Any CPU = Release|Any CPU
	EndGlobalSection
	GlobalSection(ProjectConfigurationPlatforms) = postSolution
		{A40BFEA2-A846-43C5-AD85-B46C04AFE695}.Debug|Any CPU.ActiveCfg = Debug|Any CPU
		{A40BFEA2-A846-43C5-AD85-B46C04AFE695}.Debug|Any CPU.Build.0 = Debug|Any CPU
		{A40BFEA2-A846-43C5-AD85-B46C04AFE695}.Release|Any CPU.ActiveCfg = Release|Any CPU
		{A40BFEA2-A846-43C5-AD85-B46C04AFE695}.Release|Any CPU.Build.0 = Release|Any CPU
	EndGlobalSection
EndGlobal
