
Microsoft Visual Studio Solution File, Format Version 12.00
Project("{FAE04EC0-301F-11D3-BF4B-00C04F79EFBC}") = "StrategyPattern", "StrategyPattern\StrategyPattern.csproj", "{78472E72-B8A1-437D-9B9C-C7AA8F7CA9B2}"
EndProject
Global
	GlobalSection(SolutionConfigurationPlatforms) = preSolution
		Debug|Any CPU = Debug|Any CPU
		Release|Any CPU = Release|Any CPU
	EndGlobalSection
	GlobalSection(ProjectConfigurationPlatforms) = postSolution
		{78472E72-B8A1-437D-9B9C-C7AA8F7CA9B2}.Debug|Any CPU.ActiveCfg = Debug|Any CPU
		{78472E72-B8A1-437D-9B9C-C7AA8F7CA9B2}.Debug|Any CPU.Build.0 = Debug|Any CPU
		{78472E72-B8A1-437D-9B9C-C7AA8F7CA9B2}.Release|Any CPU.ActiveCfg = Release|Any CPU
		{78472E72-B8A1-437D-9B9C-C7AA8F7CA9B2}.Release|Any CPU.Build.0 = Release|Any CPU
	EndGlobalSection
EndGlobal
